
Microsoft Visual Studio Solution File, Format Version 12.00
# Visual Studio Version 16
VisualStudioVersion = 16.0.30503.244
MinimumVisualStudioVersion = 10.0.40219.1
Project("{8BC9CEB8-8B4A-11D0-8D11-00A0C91BC942}") = "LibMaths", "LibMaths\LibMaths.vcxproj", "{5149D2C7-39C6-444B-B1ED-F09747BBEF9E}"
EndProject
Project("{8BC9CEB8-8B4A-11D0-8D11-00A0C91BC942}") = "LibMathsTests", "LibMathsTests\LibMathsTests.vcxproj", "{6579E25A-FA71-4342-B5C6-6E59489471D5}"
	ProjectSection(ProjectDependencies) = postProject
		{5149D2C7-39C6-444B-B1ED-F09747BBEF9E} = {5149D2C7-39C6-444B-B1ED-F09747BBEF9E}
	EndProjectSection
EndProject
Global
	GlobalSection(SolutionConfigurationPlatforms) = preSolution
		Debug|x64 = Debug|x64
		Debug|x86 = Debug|x86
		Release|x64 = Release|x64
		Release|x86 = Release|x86
	EndGlobalSection
	GlobalSection(ProjectConfigurationPlatforms) = postSolution
		{5149D2C7-39C6-444B-B1ED-F09747BBEF9E}.Debug|x64.ActiveCfg = Debug|x64
		{5149D2C7-39C6-444B-B1ED-F09747BBEF9E}.Debug|x64.Build.0 = Debug|x64
		{5149D2C7-39C6-444B-B1ED-F09747BBEF9E}.Debug|x86.ActiveCfg = Debug|Win32
		{5149D2C7-39C6-444B-B1ED-F09747BBEF9E}.Debug|x86.Build.0 = Debug|Win32
		{5149D2C7-39C6-444B-B1ED-F09747BBEF9E}.Release|x64.ActiveCfg = Release|x64
		{5149D2C7-39C6-444B-B1ED-F09747BBEF9E}.Release|x64.Build.0 = Release|x64
		{5149D2C7-39C6-444B-B1ED-F09747BBEF9E}.Release|x86.ActiveCfg = Release|Win32
		{5149D2C7-39C6-444B-B1ED-F09747BBEF9E}.Release|x86.Build.0 = Release|Win32
		{6579E25A-FA71-4342-B5C6-6E59489471D5}.Debug|x64.ActiveCfg = Debug|x64
		{6579E25A-FA71-4342-B5C6-6E59489471D5}.Debug|x64.Build.0 = Debug|x64
		{6579E25A-FA71-4342-B5C6-6E59489471D5}.Debug|x86.ActiveCfg = Debug|Win32
		{6579E25A-FA71-4342-B5C6-6E59489471D5}.Debug|x86.Build.0 = Debug|Win32
		{6579E25A-FA71-4342-B5C6-6E59489471D5}.Release|x64.ActiveCfg = Release|x64
		{6579E25A-FA71-4342-B5C6-6E59489471D5}.Release|x64.Build.0 = Release|x64
		{6579E25A-FA71-4342-B5C6-6E59489471D5}.Release|x86.ActiveCfg = Release|Win32
		{6579E25A-FA71-4342-B5C6-6E59489471D5}.Release|x86.Build.0 = Release|Win32
	EndGlobalSection
	GlobalSection(SolutionProperties) = preSolution
		HideSolutionNode = FALSE
	EndGlobalSection
	GlobalSection(ExtensibilityGlobals) = postSolution
		SolutionGuid = {82B8DD66-9BFB-4FAD-8AF4-E3576C3F645E}
	EndGlobalSection
EndGlobal
